// !$*UTF8*$!
{
	archiveVersion = 1;
	classes = {
	};
	objectVersion = 55;
	objects = {

/* Begin PBXBuildFile section */
		1EBFE83127A07C86000CAE41 /* Tests_iOS.swift in Sources */ = {isa = PBXBuildFile; fileRef = 1EBFE83027A07C86000CAE41 /* Tests_iOS.swift */; };
		1EBFE83327A07C86000CAE41 /* Tests_iOSLaunchTests.swift in Sources */ = {isa = PBXBuildFile; fileRef = 1EBFE83227A07C86000CAE41 /* Tests_iOSLaunchTests.swift */; };
		1EBFE83D27A07C86000CAE41 /* Tests_macOS.swift in Sources */ = {isa = PBXBuildFile; fileRef = 1EBFE83C27A07C86000CAE41 /* Tests_macOS.swift */; };
		1EBFE83F27A07C86000CAE41 /* Tests_macOSLaunchTests.swift in Sources */ = {isa = PBXBuildFile; fileRef = 1EBFE83E27A07C86000CAE41 /* Tests_macOSLaunchTests.swift */; };
		1EBFE84027A07C86000CAE41 /* haptics_test_platformApp.swift in Sources */ = {isa = PBXBuildFile; fileRef = 1EBFE81827A07C83000CAE41 /* haptics_test_platformApp.swift */; };
		1EBFE84127A07C86000CAE41 /* haptics_test_platformApp.swift in Sources */ = {isa = PBXBuildFile; fileRef = 1EBFE81827A07C83000CAE41 /* haptics_test_platformApp.swift */; };
		1EBFE84227A07C86000CAE41 /* ContentView.swift in Sources */ = {isa = PBXBuildFile; fileRef = 1EBFE81927A07C83000CAE41 /* ContentView.swift */; };
		1EBFE84327A07C86000CAE41 /* ContentView.swift in Sources */ = {isa = PBXBuildFile; fileRef = 1EBFE81927A07C83000CAE41 /* ContentView.swift */; };
		1EBFE84427A07C86000CAE41 /* Assets.xcassets in Resources */ = {isa = PBXBuildFile; fileRef = 1EBFE81A27A07C86000CAE41 /* Assets.xcassets */; };
		1EBFE84527A07C86000CAE41 /* Assets.xcassets in Resources */ = {isa = PBXBuildFile; fileRef = 1EBFE81A27A07C86000CAE41 /* Assets.xcassets */; };
/* End PBXBuildFile section */

/* Begin PBXContainerItemProxy section */
		1EBFE82D27A07C86000CAE41 /* PBXContainerItemProxy */ = {
			isa = PBXContainerItemProxy;
			containerPortal = 1EBFE81327A07C83000CAE41 /* Project object */;
			proxyType = 1;
			remoteGlobalIDString = 1EBFE81E27A07C86000CAE41;
			remoteInfo = "haptics-test-platform (iOS)";
		};
		1EBFE83927A07C86000CAE41 /* PBXContainerItemProxy */ = {
			isa = PBXContainerItemProxy;
			containerPortal = 1EBFE81327A07C83000CAE41 /* Project object */;
			proxyType = 1;
			remoteGlobalIDString = 1EBFE82427A07C86000CAE41;
			remoteInfo = "haptics-test-platform (macOS)";
		};
/* End PBXContainerItemProxy section */

/* Begin PBXFileReference section */
		1EBFE81827A07C83000CAE41 /* haptics_test_platformApp.swift */ = {isa = PBXFileReference; lastKnownFileType = sourcecode.swift; path = haptics_test_platformApp.swift; sourceTree = "<group>"; };
		1EBFE81927A07C83000CAE41 /* ContentView.swift */ = {isa = PBXFileReference; lastKnownFileType = sourcecode.swift; path = ContentView.swift; sourceTree = "<group>"; };
		1EBFE81A27A07C86000CAE41 /* Assets.xcassets */ = {isa = PBXFileReference; lastKnownFileType = folder.assetcatalog; path = Assets.xcassets; sourceTree = "<group>"; };
		1EBFE81F27A07C86000CAE41 /* haptics-test-platform.app */ = {isa = PBXFileReference; explicitFileType = wrapper.application; includeInIndex = 0; path = "haptics-test-platform.app"; sourceTree = BUILT_PRODUCTS_DIR; };
		1EBFE82527A07C86000CAE41 /* haptics-test-platform.app */ = {isa = PBXFileReference; explicitFileType = wrapper.application; includeInIndex = 0; path = "haptics-test-platform.app"; sourceTree = BUILT_PRODUCTS_DIR; };
		1EBFE82727A07C86000CAE41 /* macOS.entitlements */ = {isa = PBXFileReference; lastKnownFileType = text.plist.entitlements; path = macOS.entitlements; sourceTree = "<group>"; };
		1EBFE82C27A07C86000CAE41 /* Tests iOS.xctest */ = {isa = PBXFileReference; explicitFileType = wrapper.cfbundle; includeInIndex = 0; path = "Tests iOS.xctest"; sourceTree = BUILT_PRODUCTS_DIR; };
		1EBFE83027A07C86000CAE41 /* Tests_iOS.swift */ = {isa = PBXFileReference; lastKnownFileType = sourcecode.swift; path = Tests_iOS.swift; sourceTree = "<group>"; };
		1EBFE83227A07C86000CAE41 /* Tests_iOSLaunchTests.swift */ = {isa = PBXFileReference; lastKnownFileType = sourcecode.swift; path = Tests_iOSLaunchTests.swift; sourceTree = "<group>"; };
		1EBFE83827A07C86000CAE41 /* Tests macOS.xctest */ = {isa = PBXFileReference; explicitFileType = wrapper.cfbundle; includeInIndex = 0; path = "Tests macOS.xctest"; sourceTree = BUILT_PRODUCTS_DIR; };
		1EBFE83C27A07C86000CAE41 /* Tests_macOS.swift */ = {isa = PBXFileReference; lastKnownFileType = sourcecode.swift; path = Tests_macOS.swift; sourceTree = "<group>"; };
		1EBFE83E27A07C86000CAE41 /* Tests_macOSLaunchTests.swift */ = {isa = PBXFileReference; lastKnownFileType = sourcecode.swift; path = Tests_macOSLaunchTests.swift; sourceTree = "<group>"; };
/* End PBXFileReference section */

/* Begin PBXFrameworksBuildPhase section */
		1EBFE81C27A07C86000CAE41 /* Frameworks */ = {
			isa = PBXFrameworksBuildPhase;
			buildActionMask = 2147483647;
			files = (
			);
			runOnlyForDeploymentPostprocessing = 0;
		};
		1EBFE82227A07C86000CAE41 /* Frameworks */ = {
			isa = PBXFrameworksBuildPhase;
			buildActionMask = 2147483647;
			files = (
			);
			runOnlyForDeploymentPostprocessing = 0;
		};
		1EBFE82927A07C86000CAE41 /* Frameworks */ = {
			isa = PBXFrameworksBuildPhase;
			buildActionMask = 2147483647;
			files = (
			);
			runOnlyForDeploymentPostprocessing = 0;
		};
		1EBFE83527A07C86000CAE41 /* Frameworks */ = {
			isa = PBXFrameworksBuildPhase;
			buildActionMask = 2147483647;
			files = (
			);
			runOnlyForDeploymentPostprocessing = 0;
		};
/* End PBXFrameworksBuildPhase section */

/* Begin PBXGroup section */
		1EBFE81227A07C83000CAE41 = {
			isa = PBXGroup;
			children = (
				1EBFE81727A07C83000CAE41 /* Shared */,
				1EBFE82627A07C86000CAE41 /* macOS */,
				1EBFE82F27A07C86000CAE41 /* Tests iOS */,
				1EBFE83B27A07C86000CAE41 /* Tests macOS */,
				1EBFE82027A07C86000CAE41 /* Products */,
			);
			sourceTree = "<group>";
		};
		1EBFE81727A07C83000CAE41 /* Shared */ = {
			isa = PBXGroup;
			children = (
				1EBFE81827A07C83000CAE41 /* haptics_test_platformApp.swift */,
				1EBFE81927A07C83000CAE41 /* ContentView.swift */,
				1EBFE81A27A07C86000CAE41 /* Assets.xcassets */,
			);
			path = Shared;
			sourceTree = "<group>";
		};
		1EBFE82027A07C86000CAE41 /* Products */ = {
			isa = PBXGroup;
			children = (
				1EBFE81F27A07C86000CAE41 /* haptics-test-platform.app */,
				1EBFE82527A07C86000CAE41 /* haptics-test-platform.app */,
				1EBFE82C27A07C86000CAE41 /* Tests iOS.xctest */,
				1EBFE83827A07C86000CAE41 /* Tests macOS.xctest */,
			);
			name = Products;
			sourceTree = "<group>";
		};
		1EBFE82627A07C86000CAE41 /* macOS */ = {
			isa = PBXGroup;
			children = (
				1EBFE82727A07C86000CAE41 /* macOS.entitlements */,
			);
			path = macOS;
			sourceTree = "<group>";
		};
		1EBFE82F27A07C86000CAE41 /* Tests iOS */ = {
			isa = PBXGroup;
			children = (
				1EBFE83027A07C86000CAE41 /* Tests_iOS.swift */,
				1EBFE83227A07C86000CAE41 /* Tests_iOSLaunchTests.swift */,
			);
			path = "Tests iOS";
			sourceTree = "<group>";
		};
		1EBFE83B27A07C86000CAE41 /* Tests macOS */ = {
			isa = PBXGroup;
			children = (
				1EBFE83C27A07C86000CAE41 /* Tests_macOS.swift */,
				1EBFE83E27A07C86000CAE41 /* Tests_macOSLaunchTests.swift */,
			);
			path = "Tests macOS";
			sourceTree = "<group>";
		};
/* End PBXGroup section */

/* Begin PBXNativeTarget section */
		1EBFE81E27A07C86000CAE41 /* haptics-test-platform (iOS) */ = {
			isa = PBXNativeTarget;
			buildConfigurationList = 1EBFE84827A07C86000CAE41 /* Build configuration list for PBXNativeTarget "haptics-test-platform (iOS)" */;
			buildPhases = (
				1EBFE81B27A07C86000CAE41 /* Sources */,
				1EBFE81C27A07C86000CAE41 /* Frameworks */,
				1EBFE81D27A07C86000CAE41 /* Resources */,
			);
			buildRules = (
			);
			dependencies = (
			);
			name = "haptics-test-platform (iOS)";
			productName = "haptics-test-platform (iOS)";
			productReference = 1EBFE81F27A07C86000CAE41 /* haptics-test-platform.app */;
			productType = "com.apple.product-type.application";
		};
		1EBFE82427A07C86000CAE41 /* haptics-test-platform (macOS) */ = {
			isa = PBXNativeTarget;
			buildConfigurationList = 1EBFE84B27A07C86000CAE41 /* Build configuration list for PBXNativeTarget "haptics-test-platform (macOS)" */;
			buildPhases = (
				1EBFE82127A07C86000CAE41 /* Sources */,
				1EBFE82227A07C86000CAE41 /* Frameworks */,
				1EBFE82327A07C86000CAE41 /* Resources */,
			);
			buildRules = (
			);
			dependencies = (
			);
			name = "haptics-test-platform (macOS)";
			productName = "haptics-test-platform (macOS)";
			productReference = 1EBFE82527A07C86000CAE41 /* haptics-test-platform.app */;
			productType = "com.apple.product-type.application";
		};
		1EBFE82B27A07C86000CAE41 /* Tests iOS */ = {
			isa = PBXNativeTarget;
			buildConfigurationList = 1EBFE84E27A07C86000CAE41 /* Build configuration list for PBXNativeTarget "Tests iOS" */;
			buildPhases = (
				1EBFE82827A07C86000CAE41 /* Sources */,
				1EBFE82927A07C86000CAE41 /* Frameworks */,
				1EBFE82A27A07C86000CAE41 /* Resources */,
			);
			buildRules = (
			);
			dependencies = (
				1EBFE82E27A07C86000CAE41 /* PBXTargetDependency */,
			);
			name = "Tests iOS";
			productName = "Tests iOS";
			productReference = 1EBFE82C27A07C86000CAE41 /* Tests iOS.xctest */;
			productType = "com.apple.product-type.bundle.ui-testing";
		};
		1EBFE83727A07C86000CAE41 /* Tests macOS */ = {
			isa = PBXNativeTarget;
			buildConfigurationList = 1EBFE85127A07C86000CAE41 /* Build configuration list for PBXNativeTarget "Tests macOS" */;
			buildPhases = (
				1EBFE83427A07C86000CAE41 /* Sources */,
				1EBFE83527A07C86000CAE41 /* Frameworks */,
				1EBFE83627A07C86000CAE41 /* Resources */,
			);
			buildRules = (
			);
			dependencies = (
				1EBFE83A27A07C86000CAE41 /* PBXTargetDependency */,
			);
			name = "Tests macOS";
			productName = "Tests macOS";
			productReference = 1EBFE83827A07C86000CAE41 /* Tests macOS.xctest */;
			productType = "com.apple.product-type.bundle.ui-testing";
		};
/* End PBXNativeTarget section */

/* Begin PBXProject section */
		1EBFE81327A07C83000CAE41 /* Project object */ = {
			isa = PBXProject;
			attributes = {
				BuildIndependentTargetsInParallel = 1;
				LastSwiftUpdateCheck = 1320;
				LastUpgradeCheck = 1320;
				TargetAttributes = {
					1EBFE81E27A07C86000CAE41 = {
						CreatedOnToolsVersion = 13.2.1;
					};
					1EBFE82427A07C86000CAE41 = {
						CreatedOnToolsVersion = 13.2.1;
					};
					1EBFE82B27A07C86000CAE41 = {
						CreatedOnToolsVersion = 13.2.1;
						TestTargetID = 1EBFE81E27A07C86000CAE41;
					};
					1EBFE83727A07C86000CAE41 = {
						CreatedOnToolsVersion = 13.2.1;
						TestTargetID = 1EBFE82427A07C86000CAE41;
					};
				};
			};
			buildConfigurationList = 1EBFE81627A07C83000CAE41 /* Build configuration list for PBXProject "haptics-test-platform" */;
			compatibilityVersion = "Xcode 13.0";
			developmentRegion = en;
			hasScannedForEncodings = 0;
			knownRegions = (
				en,
				Base,
			);
			mainGroup = 1EBFE81227A07C83000CAE41;
			productRefGroup = 1EBFE82027A07C86000CAE41 /* Products */;
			projectDirPath = "";
			projectRoot = "";
			targets = (
				1EBFE81E27A07C86000CAE41 /* haptics-test-platform (iOS) */,
				1EBFE82427A07C86000CAE41 /* haptics-test-platform (macOS) */,
				1EBFE82B27A07C86000CAE41 /* Tests iOS */,
				1EBFE83727A07C86000CAE41 /* Tests macOS */,
			);
		};
/* End PBXProject section */

/* Begin PBXResourcesBuildPhase section */
		1EBFE81D27A07C86000CAE41 /* Resources */ = {
			isa = PBXResourcesBuildPhase;
			buildActionMask = 2147483647;
			files = (
				1EBFE84427A07C86000CAE41 /* Assets.xcassets in Resources */,
			);
			runOnlyForDeploymentPostprocessing = 0;
		};
		1EBFE82327A07C86000CAE41 /* Resources */ = {
			isa = PBXResourcesBuildPhase;
			buildActionMask = 2147483647;
			files = (
				1EBFE84527A07C86000CAE41 /* Assets.xcassets in Resources */,
			);
			runOnlyForDeploymentPostprocessing = 0;
		};
		1EBFE82A27A07C86000CAE41 /* Resources */ = {
			isa = PBXResourcesBuildPhase;
			buildActionMask = 2147483647;
			files = (
			);
			runOnlyForDeploymentPostprocessing = 0;
		};
		1EBFE83627A07C86000CAE41 /* Resources */ = {
			isa = PBXResourcesBuildPhase;
			buildActionMask = 2147483647;
			files = (
			);
			runOnlyForDeploymentPostprocessing = 0;
		};
/* End PBXResourcesBuildPhase section */

/* Begin PBXSourcesBuildPhase section */
		1EBFE81B27A07C86000CAE41 /* Sources */ = {
			isa = PBXSourcesBuildPhase;
			buildActionMask = 2147483647;
			files = (
				1EBFE84227A07C86000CAE41 /* ContentView.swift in Sources */,
				1EBFE84027A07C86000CAE41 /* haptics_test_platformApp.swift in Sources */,
			);
			runOnlyForDeploymentPostprocessing = 0;
		};
		1EBFE82127A07C86000CAE41 /* Sources */ = {
			isa = PBXSourcesBuildPhase;
			buildActionMask = 2147483647;
			files = (
				1EBFE84327A07C86000CAE41 /* ContentView.swift in Sources */,
				1EBFE84127A07C86000CAE41 /* haptics_test_platformApp.swift in Sources */,
			);
			runOnlyForDeploymentPostprocessing = 0;
		};
		1EBFE82827A07C86000CAE41 /* Sources */ = {
			isa = PBXSourcesBuildPhase;
			buildActionMask = 2147483647;
			files = (
				1EBFE83327A07C86000CAE41 /* Tests_iOSLaunchTests.swift in Sources */,
				1EBFE83127A07C86000CAE41 /* Tests_iOS.swift in Sources */,
			);
			runOnlyForDeploymentPostprocessing = 0;
		};
		1EBFE83427A07C86000CAE41 /* Sources */ = {
			isa = PBXSourcesBuildPhase;
			buildActionMask = 2147483647;
			files = (
				1EBFE83F27A07C86000CAE41 /* Tests_macOSLaunchTests.swift in Sources */,
				1EBFE83D27A07C86000CAE41 /* Tests_macOS.swift in Sources */,
			);
			runOnlyForDeploymentPostprocessing = 0;
		};
/* End PBXSourcesBuildPhase section */

/* Begin PBXTargetDependency section */
		1EBFE82E27A07C86000CAE41 /* PBXTargetDependency */ = {
			isa = PBXTargetDependency;
			target = 1EBFE81E27A07C86000CAE41 /* haptics-test-platform (iOS) */;
			targetProxy = 1EBFE82D27A07C86000CAE41 /* PBXContainerItemProxy */;
		};
		1EBFE83A27A07C86000CAE41 /* PBXTargetDependency */ = {
			isa = PBXTargetDependency;
			target = 1EBFE82427A07C86000CAE41 /* haptics-test-platform (macOS) */;
			targetProxy = 1EBFE83927A07C86000CAE41 /* PBXContainerItemProxy */;
		};
/* End PBXTargetDependency section */

/* Begin XCBuildConfiguration section */
		1EBFE84627A07C86000CAE41 /* Debug */ = {
			isa = XCBuildConfiguration;
			buildSettings = {
				ALWAYS_SEARCH_USER_PATHS = NO;
				CLANG_ANALYZER_NONNULL = YES;
				CLANG_ANALYZER_NUMBER_OBJECT_CONVERSION = YES_AGGRESSIVE;
				CLANG_CXX_LANGUAGE_STANDARD = "gnu++17";
				CLANG_CXX_LIBRARY = "libc++";
				CLANG_ENABLE_MODULES = YES;
				CLANG_ENABLE_OBJC_ARC = YES;
				CLANG_ENABLE_OBJC_WEAK = YES;
				CLANG_WARN_BLOCK_CAPTURE_AUTORELEASING = YES;
				CLANG_WARN_BOOL_CONVERSION = YES;
				CLANG_WARN_COMMA = YES;
				CLANG_WARN_CONSTANT_CONVERSION = YES;
				CLANG_WARN_DEPRECATED_OBJC_IMPLEMENTATIONS = YES;
				CLANG_WARN_DIRECT_OBJC_ISA_USAGE = YES_ERROR;
				CLANG_WARN_DOCUMENTATION_COMMENTS = YES;
				CLANG_WARN_EMPTY_BODY = YES;
				CLANG_WARN_ENUM_CONVERSION = YES;
				CLANG_WARN_INFINITE_RECURSION = YES;
				CLANG_WARN_INT_CONVERSION = YES;
				CLANG_WARN_NON_LITERAL_NULL_CONVERSION = YES;
				CLANG_WARN_OBJC_IMPLICIT_RETAIN_SELF = YES;
				CLANG_WARN_OBJC_LITERAL_CONVERSION = YES;
				CLANG_WARN_OBJC_ROOT_CLASS = YES_ERROR;
				CLANG_WARN_QUOTED_INCLUDE_IN_FRAMEWORK_HEADER = YES;
				CLANG_WARN_RANGE_LOOP_ANALYSIS = YES;
				CLANG_WARN_STRICT_PROTOTYPES = YES;
				CLANG_WARN_SUSPICIOUS_MOVE = YES;
				CLANG_WARN_UNGUARDED_AVAILABILITY = YES_AGGRESSIVE;
				CLANG_WARN_UNREACHABLE_CODE = YES;
				CLANG_WARN__DUPLICATE_METHOD_MATCH = YES;
				COPY_PHASE_STRIP = NO;
				DEBUG_INFORMATION_FORMAT = dwarf;
				ENABLE_STRICT_OBJC_MSGSEND = YES;
				ENABLE_TESTABILITY = YES;
				GCC_C_LANGUAGE_STANDARD = gnu11;
				GCC_DYNAMIC_NO_PIC = NO;
				GCC_NO_COMMON_BLOCKS = YES;
				GCC_OPTIMIZATION_LEVEL = 0;
				GCC_PREPROCESSOR_DEFINITIONS = (
					"DEBUG=1",
					"$(inherited)",
				);
				GCC_WARN_64_TO_32_BIT_CONVERSION = YES;
				GCC_WARN_ABOUT_RETURN_TYPE = YES_ERROR;
				GCC_WARN_UNDECLARED_SELECTOR = YES;
				GCC_WARN_UNINITIALIZED_AUTOS = YES_AGGRESSIVE;
				GCC_WARN_UNUSED_FUNCTION = YES;
				GCC_WARN_UNUSED_VARIABLE = YES;
				MTL_ENABLE_DEBUG_INFO = INCLUDE_SOURCE;
				MTL_FAST_MATH = YES;
				ONLY_ACTIVE_ARCH = YES;
				SWIFT_ACTIVE_COMPILATION_CONDITIONS = DEBUG;
				SWIFT_OPTIMIZATION_LEVEL = "-Onone";
			};
			name = Debug;
		};
		1EBFE84727A07C86000CAE41 /* Release */ = {
			isa = XCBuildConfiguration;
			buildSettings = {
				ALWAYS_SEARCH_USER_PATHS = NO;
				CLANG_ANALYZER_NONNULL = YES;
				CLANG_ANALYZER_NUMBER_OBJECT_CONVERSION = YES_AGGRESSIVE;
				CLANG_CXX_LANGUAGE_STANDARD = "gnu++17";
				CLANG_CXX_LIBRARY = "libc++";
				CLANG_ENABLE_MODULES = YES;
				CLANG_ENABLE_OBJC_ARC = YES;
				CLANG_ENABLE_OBJC_WEAK = YES;
				CLANG_WARN_BLOCK_CAPTURE_AUTORELEASING = YES;
				CLANG_WARN_BOOL_CONVERSION = YES;
				CLANG_WARN_COMMA = YES;
				CLANG_WARN_CONSTANT_CONVERSION = YES;
				CLANG_WARN_DEPRECATED_OBJC_IMPLEMENTATIONS = YES;
				CLANG_WARN_DIRECT_OBJC_ISA_USAGE = YES_ERROR;
				CLANG_WARN_DOCUMENTATION_COMMENTS = YES;
				CLANG_WARN_EMPTY_BODY = YES;
				CLANG_WARN_ENUM_CONVERSION = YES;
				CLANG_WARN_INFINITE_RECURSION = YES;
				CLANG_WARN_INT_CONVERSION = YES;
				CLANG_WARN_NON_LITERAL_NULL_CONVERSION = YES;
				CLANG_WARN_OBJC_IMPLICIT_RETAIN_SELF = YES;
				CLANG_WARN_OBJC_LITERAL_CONVERSION = YES;
				CLANG_WARN_OBJC_ROOT_CLASS = YES_ERROR;
				CLANG_WARN_QUOTED_INCLUDE_IN_FRAMEWORK_HEADER = YES;
				CLANG_WARN_RANGE_LOOP_ANALYSIS = YES;
				CLANG_WARN_STRICT_PROTOTYPES = YES;
				CLANG_WARN_SUSPICIOUS_MOVE = YES;
				CLANG_WARN_UNGUARDED_AVAILABILITY = YES_AGGRESSIVE;
				CLANG_WARN_UNREACHABLE_CODE = YES;
				CLANG_WARN__DUPLICATE_METHOD_MATCH = YES;
				COPY_PHASE_STRIP = NO;
				DEBUG_INFORMATION_FORMAT = "dwarf-with-dsym";
				ENABLE_NS_ASSERTIONS = NO;
				ENABLE_STRICT_OBJC_MSGSEND = YES;
				GCC_C_LANGUAGE_STANDARD = gnu11;
				GCC_NO_COMMON_BLOCKS = YES;
				GCC_WARN_64_TO_32_BIT_CONVERSION = YES;
				GCC_WARN_ABOUT_RETURN_TYPE = YES_ERROR;
				GCC_WARN_UNDECLARED_SELECTOR = YES;
				GCC_WARN_UNINITIALIZED_AUTOS = YES_AGGRESSIVE;
				GCC_WARN_UNUSED_FUNCTION = YES;
				GCC_WARN_UNUSED_VARIABLE = YES;
				MTL_ENABLE_DEBUG_INFO = NO;
				MTL_FAST_MATH = YES;
				SWIFT_COMPILATION_MODE = wholemodule;
				SWIFT_OPTIMIZATION_LEVEL = "-O";
			};
			name = Release;
		};
		1EBFE84927A07C86000CAE41 /* Debug */ = {
			isa = XCBuildConfiguration;
			buildSettings = {
				ASSETCATALOG_COMPILER_APPICON_NAME = AppIcon;
				ASSETCATALOG_COMPILER_GLOBAL_ACCENT_COLOR_NAME = AccentColor;
				CODE_SIGN_STYLE = Automatic;
				CURRENT_PROJECT_VERSION = 1;
				DEVELOPMENT_TEAM = 35H2RPT2B4;
				ENABLE_PREVIEWS = YES;
				GENERATE_INFOPLIST_FILE = YES;
				INFOPLIST_KEY_UIApplicationSceneManifest_Generation = YES;
				INFOPLIST_KEY_UIApplicationSupportsIndirectInputEvents = YES;
				INFOPLIST_KEY_UILaunchScreen_Generation = YES;
				INFOPLIST_KEY_UISupportedInterfaceOrientations_iPad = "UIInterfaceOrientationPortrait UIInterfaceOrientationPortraitUpsideDown UIInterfaceOrientationLandscapeLeft UIInterfaceOrientationLandscapeRight";
				INFOPLIST_KEY_UISupportedInterfaceOrientations_iPhone = "UIInterfaceOrientationPortrait UIInterfaceOrientationLandscapeLeft UIInterfaceOrientationLandscapeRight";
				IPHONEOS_DEPLOYMENT_TARGET = 15.2;
				LD_RUNPATH_SEARCH_PATHS = (
					"$(inherited)",
					"@executable_path/Frameworks",
				);
				MARKETING_VERSION = 1.0;
				PRODUCT_BUNDLE_IDENTIFIER = "usc-harvi.haptics-test-platform";
				PRODUCT_NAME = "haptics-test-platform";
				SDKROOT = iphoneos;
				SWIFT_EMIT_LOC_STRINGS = YES;
				SWIFT_VERSION = 5.0;
				TARGETED_DEVICE_FAMILY = "1,2";
			};
			name = Debug;
		};
		1EBFE84A27A07C86000CAE41 /* Release */ = {
			isa = XCBuildConfiguration;
			buildSettings = {
				ASSETCATALOG_COMPILER_APPICON_NAME = AppIcon;
				ASSETCATALOG_COMPILER_GLOBAL_ACCENT_COLOR_NAME = AccentColor;
				CODE_SIGN_STYLE = Automatic;
				CURRENT_PROJECT_VERSION = 1;
				DEVELOPMENT_TEAM = 35H2RPT2B4;
				ENABLE_PREVIEWS = YES;
				GENERATE_INFOPLIST_FILE = YES;
				INFOPLIST_KEY_UIApplicationSceneManifest_Generation = YES;
				INFOPLIST_KEY_UIApplicationSupportsIndirectInputEvents = YES;
				INFOPLIST_KEY_UILaunchScreen_Generation = YES;
				INFOPLIST_KEY_UISupportedInterfaceOrientations_iPad = "UIInterfaceOrientationPortrait UIInterfaceOrientationPortraitUpsideDown UIInterfaceOrientationLandscapeLeft UIInterfaceOrientationLandscapeRight";
				INFOPLIST_KEY_UISupportedInterfaceOrientations_iPhone = "UIInterfaceOrientationPortrait UIInterfaceOrientationLandscapeLeft UIInterfaceOrientationLandscapeRight";
				IPHONEOS_DEPLOYMENT_TARGET = 15.2;
				LD_RUNPATH_SEARCH_PATHS = (
					"$(inherited)",
					"@executable_path/Frameworks",
				);
				MARKETING_VERSION = 1.0;
				PRODUCT_BUNDLE_IDENTIFIER = "usc-harvi.haptics-test-platform";
				PRODUCT_NAME = "haptics-test-platform";
				SDKROOT = iphoneos;
				SWIFT_EMIT_LOC_STRINGS = YES;
				SWIFT_VERSION = 5.0;
				TARGETED_DEVICE_FAMILY = "1,2";
				VALIDATE_PRODUCT = YES;
			};
			name = Release;
		};
		1EBFE84C27A07C86000CAE41 /* Debug */ = {
			isa = XCBuildConfiguration;
			buildSettings = {
				ASSETCATALOG_COMPILER_APPICON_NAME = AppIcon;
				ASSETCATALOG_COMPILER_GLOBAL_ACCENT_COLOR_NAME = AccentColor;
				CODE_SIGN_ENTITLEMENTS = macOS/macOS.entitlements;
				CODE_SIGN_STYLE = Automatic;
				COMBINE_HIDPI_IMAGES = YES;
				CURRENT_PROJECT_VERSION = 1;
				DEVELOPMENT_TEAM = 35H2RPT2B4;
				ENABLE_HARDENED_RUNTIME = YES;
				ENABLE_PREVIEWS = YES;
				GENERATE_INFOPLIST_FILE = YES;
				INFOPLIST_KEY_NSHumanReadableCopyright = "";
				LD_RUNPATH_SEARCH_PATHS = (
					"$(inherited)",
					"@executable_path/../Frameworks",
				);
				MACOSX_DEPLOYMENT_TARGET = 12.1;
				MARKETING_VERSION = 1.0;
				PRODUCT_BUNDLE_IDENTIFIER = "usc-harvi.haptics-test-platform";
				PRODUCT_NAME = "haptics-test-platform";
				SDKROOT = macosx;
				SWIFT_EMIT_LOC_STRINGS = YES;
				SWIFT_VERSION = 5.0;
			};
			name = Debug;
		};
		1EBFE84D27A07C86000CAE41 /* Release */ = {
			isa = XCBuildConfiguration;
			buildSettings = {
				ASSETCATALOG_COMPILER_APPICON_NAME = AppIcon;
				ASSETCATALOG_COMPILER_GLOBAL_ACCENT_COLOR_NAME = AccentColor;
				CODE_SIGN_ENTITLEMENTS = macOS/macOS.entitlements;
				CODE_SIGN_STYLE = Automatic;
				COMBINE_HIDPI_IMAGES = YES;
				CURRENT_PROJECT_VERSION = 1;
				DEVELOPMENT_TEAM = 35H2RPT2B4;
				ENABLE_HARDENED_RUNTIME = YES;
				ENABLE_PREVIEWS = YES;
				GENERATE_INFOPLIST_FILE = YES;
				INFOPLIST_KEY_NSHumanReadableCopyright = "";
				LD_RUNPATH_SEARCH_PATHS = (
					"$(inherited)",
					"@executable_path/../Frameworks",
				);
				MACOSX_DEPLOYMENT_TARGET = 12.1;
				MARKETING_VERSION = 1.0;
				PRODUCT_BUNDLE_IDENTIFIER = "usc-harvi.haptics-test-platform";
				PRODUCT_NAME = "haptics-test-platform";
				SDKROOT = macosx;
				SWIFT_EMIT_LOC_STRINGS = YES;
				SWIFT_VERSION = 5.0;
			};
			name = Release;
		};
		1EBFE84F27A07C86000CAE41 /* Debug */ = {
			isa = XCBuildConfiguration;
			buildSettings = {
				ALWAYS_EMBED_SWIFT_STANDARD_LIBRARIES = YES;
				CODE_SIGN_STYLE = Automatic;
				CURRENT_PROJECT_VERSION = 1;
				DEVELOPMENT_TEAM = 35H2RPT2B4;
				GENERATE_INFOPLIST_FILE = YES;
				IPHONEOS_DEPLOYMENT_TARGET = 15.2;
				MARKETING_VERSION = 1.0;
				PRODUCT_BUNDLE_IDENTIFIER = "usc-harvi.Tests-iOS";
				PRODUCT_NAME = "$(TARGET_NAME)";
				SDKROOT = iphoneos;
				SWIFT_EMIT_LOC_STRINGS = NO;
				SWIFT_VERSION = 5.0;
				TARGETED_DEVICE_FAMILY = "1,2";
				TEST_TARGET_NAME = "haptics-test-platform (iOS)";
			};
			name = Debug;
		};
		1EBFE85027A07C86000CAE41 /* Release */ = {
			isa = XCBuildConfiguration;
			buildSettings = {
				ALWAYS_EMBED_SWIFT_STANDARD_LIBRARIES = YES;
				CODE_SIGN_STYLE = Automatic;
				CURRENT_PROJECT_VERSION = 1;
				DEVELOPMENT_TEAM = 35H2RPT2B4;
				GENERATE_INFOPLIST_FILE = YES;
				IPHONEOS_DEPLOYMENT_TARGET = 15.2;
				MARKETING_VERSION = 1.0;
				PRODUCT_BUNDLE_IDENTIFIER = "usc-harvi.Tests-iOS";
				PRODUCT_NAME = "$(TARGET_NAME)";
				SDKROOT = iphoneos;
				SWIFT_EMIT_LOC_STRINGS = NO;
				SWIFT_VERSION = 5.0;
				TARGETED_DEVICE_FAMILY = "1,2";
				TEST_TARGET_NAME = "haptics-test-platform (iOS)";
				VALIDATE_PRODUCT = YES;
			};
			name = Release;
		};
		1EBFE85227A07C86000CAE41 /* Debug */ = {
			isa = XCBuildConfiguration;
			buildSettings = {
				ALWAYS_EMBED_SWIFT_STANDARD_LIBRARIES = YES;
				CODE_SIGN_STYLE = Automatic;
				CURRENT_PROJECT_VERSION = 1;
				DEVELOPMENT_TEAM = 35H2RPT2B4;
				GENERATE_INFOPLIST_FILE = YES;
				MACOSX_DEPLOYMENT_TARGET = 12.1;
				MARKETING_VERSION = 1.0;
				PRODUCT_BUNDLE_IDENTIFIER = "usc-harvi.Tests-macOS";
				PRODUCT_NAME = "$(TARGET_NAME)";
				SDKROOT = macosx;
				SWIFT_EMIT_LOC_STRINGS = NO;
				SWIFT_VERSION = 5.0;
				TEST_TARGET_NAME = "haptics-test-platform (macOS)";
			};
			name = Debug;
		};
		1EBFE85327A07C86000CAE41 /* Release */ = {
			isa = XCBuildConfiguration;
			buildSettings = {
				ALWAYS_EMBED_SWIFT_STANDARD_LIBRARIES = YES;
				CODE_SIGN_STYLE = Automatic;
				CURRENT_PROJECT_VERSION = 1;
				DEVELOPMENT_TEAM = 35H2RPT2B4;
				GENERATE_INFOPLIST_FILE = YES;
				MACOSX_DEPLOYMENT_TARGET = 12.1;
				MARKETING_VERSION = 1.0;
				PRODUCT_BUNDLE_IDENTIFIER = "usc-harvi.Tests-macOS";
				PRODUCT_NAME = "$(TARGET_NAME)";
				SDKROOT = macosx;
				SWIFT_EMIT_LOC_STRINGS = NO;
				SWIFT_VERSION = 5.0;
				TEST_TARGET_NAME = "haptics-test-platform (macOS)";
			};
			name = Release;
		};
/* End XCBuildConfiguration section */

/* Begin XCConfigurationList section */
		1EBFE81627A07C83000CAE41 /* Build configuration list for PBXProject "haptics-test-platform" */ = {
			isa = XCConfigurationList;
			buildConfigurations = (
				1EBFE84627A07C86000CAE41 /* Debug */,
				1EBFE84727A07C86000CAE41 /* Release */,
			);
			defaultConfigurationIsVisible = 0;
			defaultConfigurationName = Release;
		};
		1EBFE84827A07C86000CAE41 /* Build configuration list for PBXNativeTarget "haptics-test-platform (iOS)" */ = {
			isa = XCConfigurationList;
			buildConfigurations = (
				1EBFE84927A07C86000CAE41 /* Debug */,
				1EBFE84A27A07C86000CAE41 /* Release */,
			);
			defaultConfigurationIsVisible = 0;
			defaultConfigurationName = Release;
		};
		1EBFE84B27A07C86000CAE41 /* Build configuration list for PBXNativeTarget "haptics-test-platform (macOS)" */ = {
			isa = XCConfigurationList;
			buildConfigurations = (
				1EBFE84C27A07C86000CAE41 /* Debug */,
				1EBFE84D27A07C86000CAE41 /* Release */,
			);
			defaultConfigurationIsVisible = 0;
			defaultConfigurationName = Release;
		};
		1EBFE84E27A07C86000CAE41 /* Build configuration list for PBXNativeTarget "Tests iOS" */ = {
			isa = XCConfigurationList;
			buildConfigurations = (
				1EBFE84F27A07C86000CAE41 /* Debug */,
				1EBFE85027A07C86000CAE41 /* Release */,
			);
			defaultConfigurationIsVisible = 0;
			defaultConfigurationName = Release;
		};
		1EBFE85127A07C86000CAE41 /* Build configuration list for PBXNativeTarget "Tests macOS" */ = {
			isa = XCConfigurationList;
			buildConfigurations = (
				1EBFE85227A07C86000CAE41 /* Debug */,
				1EBFE85327A07C86000CAE41 /* Release */,
			);
			defaultConfigurationIsVisible = 0;
			defaultConfigurationName = Release;
		};
/* End XCConfigurationList section */
	};
	rootObject = 1EBFE81327A07C83000CAE41 /* Project object */;
}
